
Microsoft Visual Studio Solution File, Format Version 12.00
# Visual Studio Version 16
VisualStudioVersion = 16.0.31112.23
MinimumVisualStudioVersion = 10.0.40219.1
Project("{FAE04EC0-301F-11D3-BF4B-00C04F79EFBC}") = "F1RacingRomeoRioli", "F1RacingRomeoRioli\F1RacingRomeoRioli.csproj", "{812D1633-C4B0-4353-8CB4-AFB3F5FE5045}"
EndProject
Global
	GlobalSection(SolutionConfigurationPlatforms) = preSolution
		Debug|Any CPU = Debug|Any CPU
		Release|Any CPU = Release|Any CPU
	EndGlobalSection
	GlobalSection(ProjectConfigurationPlatforms) = postSolution
		{812D1633-C4B0-4353-8CB4-AFB3F5FE5045}.Debug|Any CPU.ActiveCfg = Debug|Any CPU
		{812D1633-C4B0-4353-8CB4-AFB3F5FE5045}.Debug|Any CPU.Build.0 = Debug|Any CPU
		{812D1633-C4B0-4353-8CB4-AFB3F5FE5045}.Release|Any CPU.ActiveCfg = Release|Any CPU
		{812D1633-C4B0-4353-8CB4-AFB3F5FE5045}.Release|Any CPU.Build.0 = Release|Any CPU
	EndGlobalSection
	GlobalSection(SolutionProperties) = preSolution
		HideSolutionNode = FALSE
	EndGlobalSection
	GlobalSection(ExtensibilityGlobals) = postSolution
		SolutionGuid = {41871578-8D71-41FD-9877-77859BA124DF}
	EndGlobalSection
EndGlobal
